
Microsoft Visual Studio Solution File, Format Version 12.00
# Visual Studio Version 17
VisualStudioVersion = 17.3.32825.248
MinimumVisualStudioVersion = 10.0.40219.1
Project("{9A19103F-16F7-4668-BE54-9A1E7A4F7556}") = "TweetApp.Api", "Backend\TweetApp.Api\TweetApp.Api.csproj", "{7BF409C0-0474-405C-B104-351892C1736D}"
EndProject
Project("{9A19103F-16F7-4668-BE54-9A1E7A4F7556}") = "TweetApp.Model", "Backend\TweetApp.Model\TweetApp.Model.csproj", "{BFF17749-B922-45B6-9334-F53E3F5CF289}"
EndProject
Project("{9A19103F-16F7-4668-BE54-9A1E7A4F7556}") = "TweetApp.Repository", "Backend\TweetApp.Repository\TweetApp.Repository.csproj", "{A8F1F945-F4EA-4F9A-9492-62EB95DBDEBC}"
EndProject
Project("{9A19103F-16F7-4668-BE54-9A1E7A4F7556}") = "TweetApp.Service", "Backend\TweetApp.Service\TweetApp.Service.csproj", "{5DA53D88-2205-4267-9969-5F1DBE35D374}"
EndProject
Project("{2150E333-8FDC-42A3-9474-1A3956D46DE8}") = "src", "src", "{3D6EFD31-4A9A-4708-8071-EC54BCBE0951}"
EndProject
Project("{2150E333-8FDC-42A3-9474-1A3956D46DE8}") = "Backend", "Backend", "{EA8C680D-5E83-4A38-AC07-81702EB1BAC4}"
EndProject
Project("{E53339B2-1760-4266-BCC7-CA923CBCF16C}") = "docker-compose", "docker-compose.dcproj", "{3641E6E8-D334-40AC-B8EC-9D7051BBB25B}"
EndProject
Global
	GlobalSection(SolutionConfigurationPlatforms) = preSolution
		Debug|Any CPU = Debug|Any CPU
		Release|Any CPU = Release|Any CPU
	EndGlobalSection
	GlobalSection(ProjectConfigurationPlatforms) = postSolution
		{7BF409C0-0474-405C-B104-351892C1736D}.Debug|Any CPU.ActiveCfg = Debug|Any CPU
		{7BF409C0-0474-405C-B104-351892C1736D}.Debug|Any CPU.Build.0 = Debug|Any CPU
		{7BF409C0-0474-405C-B104-351892C1736D}.Release|Any CPU.ActiveCfg = Release|Any CPU
		{7BF409C0-0474-405C-B104-351892C1736D}.Release|Any CPU.Build.0 = Release|Any CPU
		{BFF17749-B922-45B6-9334-F53E3F5CF289}.Debug|Any CPU.ActiveCfg = Debug|Any CPU
		{BFF17749-B922-45B6-9334-F53E3F5CF289}.Debug|Any CPU.Build.0 = Debug|Any CPU
		{BFF17749-B922-45B6-9334-F53E3F5CF289}.Release|Any CPU.ActiveCfg = Release|Any CPU
		{BFF17749-B922-45B6-9334-F53E3F5CF289}.Release|Any CPU.Build.0 = Release|Any CPU
		{A8F1F945-F4EA-4F9A-9492-62EB95DBDEBC}.Debug|Any CPU.ActiveCfg = Debug|Any CPU
		{A8F1F945-F4EA-4F9A-9492-62EB95DBDEBC}.Debug|Any CPU.Build.0 = Debug|Any CPU
		{A8F1F945-F4EA-4F9A-9492-62EB95DBDEBC}.Release|Any CPU.ActiveCfg = Release|Any CPU
		{A8F1F945-F4EA-4F9A-9492-62EB95DBDEBC}.Release|Any CPU.Build.0 = Release|Any CPU
		{5DA53D88-2205-4267-9969-5F1DBE35D374}.Debug|Any CPU.ActiveCfg = Debug|Any CPU
		{5DA53D88-2205-4267-9969-5F1DBE35D374}.Debug|Any CPU.Build.0 = Debug|Any CPU
		{5DA53D88-2205-4267-9969-5F1DBE35D374}.Release|Any CPU.ActiveCfg = Release|Any CPU
		{5DA53D88-2205-4267-9969-5F1DBE35D374}.Release|Any CPU.Build.0 = Release|Any CPU
		{3641E6E8-D334-40AC-B8EC-9D7051BBB25B}.Debug|Any CPU.ActiveCfg = Debug|Any CPU
		{3641E6E8-D334-40AC-B8EC-9D7051BBB25B}.Debug|Any CPU.Build.0 = Debug|Any CPU
		{3641E6E8-D334-40AC-B8EC-9D7051BBB25B}.Release|Any CPU.ActiveCfg = Release|Any CPU
		{3641E6E8-D334-40AC-B8EC-9D7051BBB25B}.Release|Any CPU.Build.0 = Release|Any CPU
	EndGlobalSection
	GlobalSection(SolutionProperties) = preSolution
		HideSolutionNode = FALSE
	EndGlobalSection
	GlobalSection(NestedProjects) = preSolution
		{7BF409C0-0474-405C-B104-351892C1736D} = {EA8C680D-5E83-4A38-AC07-81702EB1BAC4}
		{BFF17749-B922-45B6-9334-F53E3F5CF289} = {EA8C680D-5E83-4A38-AC07-81702EB1BAC4}
		{A8F1F945-F4EA-4F9A-9492-62EB95DBDEBC} = {EA8C680D-5E83-4A38-AC07-81702EB1BAC4}
		{5DA53D88-2205-4267-9969-5F1DBE35D374} = {EA8C680D-5E83-4A38-AC07-81702EB1BAC4}
		{EA8C680D-5E83-4A38-AC07-81702EB1BAC4} = {3D6EFD31-4A9A-4708-8071-EC54BCBE0951}
	EndGlobalSection
	GlobalSection(ExtensibilityGlobals) = postSolution
		SolutionGuid = {00803BDC-38F8-4774-BA13-C287C89AA30A}
	EndGlobalSection
EndGlobal
